
Microsoft Visual Studio Solution File, Format Version 12.00
# Visual Studio Version 16
VisualStudioVersion = 16.0.31911.196
MinimumVisualStudioVersion = 10.0.40219.1
Project("{2150E333-8FDC-42A3-9474-1A3956D46DE8}") = "Services", "Services", "{9964F918-49F7-492D-8BB3-4DA789C8CA85}"
EndProject
Project("{2150E333-8FDC-42A3-9474-1A3956D46DE8}") = "Catalog", "Catalog", "{53B6F060-647A-4F8C-ABF0-8700372F03CE}"
EndProject
Project("{9A19103F-16F7-4668-BE54-9A1E7A4F7556}") = "Catalog.API", "Services\Catalog\Catalog.API\Catalog.API.csproj", "{D88738A2-582F-447A-A118-38BAF288C1BE}"
EndProject
Project("{E53339B2-1760-4266-BCC7-CA923CBCF16C}") = "docker-compose", "docker-compose.dcproj", "{7413A29D-3FF9-485F-9609-59B8B9570E74}"
EndProject
Project("{2150E333-8FDC-42A3-9474-1A3956D46DE8}") = "Basket", "Basket", "{8CEFD4CB-7F1B-4A16-BBD0-748F0788533F}"
EndProject
Project("{FAE04EC0-301F-11D3-BF4B-00C04F79EFBC}") = "Basket.API", "Basket\Basket.API\Basket.API.csproj", "{244E7947-7521-4B3F-B91A-B66E8E918FF6}"
EndProject
Global
	GlobalSection(SolutionConfigurationPlatforms) = preSolution
		Debug|Any CPU = Debug|Any CPU
		Release|Any CPU = Release|Any CPU
	EndGlobalSection
	GlobalSection(ProjectConfigurationPlatforms) = postSolution
		{D88738A2-582F-447A-A118-38BAF288C1BE}.Debug|Any CPU.ActiveCfg = Debug|Any CPU
		{D88738A2-582F-447A-A118-38BAF288C1BE}.Debug|Any CPU.Build.0 = Debug|Any CPU
		{D88738A2-582F-447A-A118-38BAF288C1BE}.Release|Any CPU.ActiveCfg = Release|Any CPU
		{D88738A2-582F-447A-A118-38BAF288C1BE}.Release|Any CPU.Build.0 = Release|Any CPU
		{7413A29D-3FF9-485F-9609-59B8B9570E74}.Debug|Any CPU.ActiveCfg = Debug|Any CPU
		{7413A29D-3FF9-485F-9609-59B8B9570E74}.Debug|Any CPU.Build.0 = Debug|Any CPU
		{7413A29D-3FF9-485F-9609-59B8B9570E74}.Release|Any CPU.ActiveCfg = Release|Any CPU
		{7413A29D-3FF9-485F-9609-59B8B9570E74}.Release|Any CPU.Build.0 = Release|Any CPU
		{244E7947-7521-4B3F-B91A-B66E8E918FF6}.Debug|Any CPU.ActiveCfg = Debug|Any CPU
		{244E7947-7521-4B3F-B91A-B66E8E918FF6}.Debug|Any CPU.Build.0 = Debug|Any CPU
		{244E7947-7521-4B3F-B91A-B66E8E918FF6}.Release|Any CPU.ActiveCfg = Release|Any CPU
		{244E7947-7521-4B3F-B91A-B66E8E918FF6}.Release|Any CPU.Build.0 = Release|Any CPU
	EndGlobalSection
	GlobalSection(SolutionProperties) = preSolution
		HideSolutionNode = FALSE
	EndGlobalSection
	GlobalSection(NestedProjects) = preSolution
		{53B6F060-647A-4F8C-ABF0-8700372F03CE} = {9964F918-49F7-492D-8BB3-4DA789C8CA85}
		{D88738A2-582F-447A-A118-38BAF288C1BE} = {53B6F060-647A-4F8C-ABF0-8700372F03CE}
		{8CEFD4CB-7F1B-4A16-BBD0-748F0788533F} = {9964F918-49F7-492D-8BB3-4DA789C8CA85}
		{244E7947-7521-4B3F-B91A-B66E8E918FF6} = {8CEFD4CB-7F1B-4A16-BBD0-748F0788533F}
	EndGlobalSection
	GlobalSection(ExtensibilityGlobals) = postSolution
		SolutionGuid = {15BF6CDA-C3D4-4142-8035-050F24E42ECE}
	EndGlobalSection
EndGlobal
